
Microsoft Visual Studio Solution File, Format Version 12.00
# Visual Studio Version 16
VisualStudioVersion = 16.0.30523.141
MinimumVisualStudioVersion = 10.0.40219.1
Project("{2150E333-8FDC-42A3-9474-1A3956D46DE8}") = "Solution Items", "Solution Items", "{A01E0C62-3267-4E1F-AE1F-20A4F3703FD0}"
EndProject
Project("{FAE04EC0-301F-11D3-BF4B-00C04F79EFBC}") = "Example", "Example\Example.csproj", "{362E40F4-4A37-48B3-A7A5-93E5535A9B22}"
EndProject
Project("{FAE04EC0-301F-11D3-BF4B-00C04F79EFBC}") = "Example_WinForms", "Example_WinForms\Example_WinForms.csproj", "{929A6B6E-FE1B-4473-BD5E-0DE9DEA4C43A}"
EndProject
Project("{FAE04EC0-301F-11D3-BF4B-00C04F79EFBC}") = "Artigo 38 PDM", "Artigo 38 PDM\Artigo 38 PDM.csproj", "{EB25D8D0-38DE-4BBA-94E4-3C30D4EE37C2}"
EndProject
Project("{FAE04EC0-301F-11D3-BF4B-00C04F79EFBC}") = "funções", "Filtro função\funções.csproj", "{56377EAE-2B19-474B-8875-D4A4FB1A8625}"
EndProject
Project("{FAE04EC0-301F-11D3-BF4B-00C04F79EFBC}") = "Art 42 RMUE", "Art 42 RMUE\Art 42 RMUE.csproj", "{B0244059-50FC-4528-8DFC-28D98D59905C}"
EndProject
Project("{FAE04EC0-301F-11D3-BF4B-00C04F79EFBC}") = "Artigo 43 PDM", "Artigo 43 PDM\Artigo 43 PDM.csproj", "{FCC8A742-1A24-4F6D-BB22-33F8F7F3B488}"
EndProject
Project("{FAE04EC0-301F-11D3-BF4B-00C04F79EFBC}") = "Distancias", "Distancias\Distancias.csproj", "{80BAC41F-7B02-4E6B-A4FB-1FBD19A64BBA}"
EndProject
Project("{FAE04EC0-301F-11D3-BF4B-00C04F79EFBC}") = "Artigo 41 PDM", "Artigo 41 PDM\Artigo 41 PDM.csproj", "{57F3B5D1-DFA9-4178-874C-1A2912DC42A9}"
EndProject
Project("{FAE04EC0-301F-11D3-BF4B-00C04F79EFBC}") = "Artigo 60º RGEU", "dgbf\Artigo 60º RGEU.csproj", "{7BD1409F-3D9B-41C2-81CF-351C162B8E17}"
EndProject
Project("{FAE04EC0-301F-11D3-BF4B-00C04F79EFBC}") = "Artigo 36º PDM", "Artigo 36º PDM\Artigo 36º PDM.csproj", "{8216259D-20BA-413C-89DF-E54465948C1B}"
EndProject
Project("{FAE04EC0-301F-11D3-BF4B-00C04F79EFBC}") = "PDM73", "PDM73\PDM73.csproj", "{2103770D-A39A-4CC5-B238-5D73E11F2950}"
EndProject
Project("{FAE04EC0-301F-11D3-BF4B-00C04F79EFBC}") = "Art 42º PDM", "42PDM\Art 42º PDM.csproj", "{B9EDD461-3DD1-45EA-ADFA-D0AA27AE503C}"
EndProject
Project("{FAE04EC0-301F-11D3-BF4B-00C04F79EFBC}") = "Art 67º RGEU", "Art 67º RGEU\Art 67º RGEU.csproj", "{9815D99A-87D3-4739-9015-9A0538213944}"
EndProject
Project("{FAE04EC0-301F-11D3-BF4B-00C04F79EFBC}") = "Art 66º RGEU", "66ºRGEU\Art 66º RGEU.csproj", "{D59BDA10-7F09-4871-97B0-3F98298FBE4B}"
EndProject
Project("{FAE04EC0-301F-11D3-BF4B-00C04F79EFBC}") = "myexample", "myexample\myexample.csproj", "{10908F47-8948-4345-9477-162786E90111}"
EndProject
Global
	GlobalSection(SolutionConfigurationPlatforms) = preSolution
		Debug|Any CPU = Debug|Any CPU
		Release|Any CPU = Release|Any CPU
	EndGlobalSection
	GlobalSection(ProjectConfigurationPlatforms) = postSolution
		{362E40F4-4A37-48B3-A7A5-93E5535A9B22}.Debug|Any CPU.ActiveCfg = Debug|Any CPU
		{362E40F4-4A37-48B3-A7A5-93E5535A9B22}.Debug|Any CPU.Build.0 = Debug|Any CPU
		{362E40F4-4A37-48B3-A7A5-93E5535A9B22}.Release|Any CPU.ActiveCfg = Release|Any CPU
		{362E40F4-4A37-48B3-A7A5-93E5535A9B22}.Release|Any CPU.Build.0 = Release|Any CPU
		{929A6B6E-FE1B-4473-BD5E-0DE9DEA4C43A}.Debug|Any CPU.ActiveCfg = Debug|Any CPU
		{929A6B6E-FE1B-4473-BD5E-0DE9DEA4C43A}.Debug|Any CPU.Build.0 = Debug|Any CPU
		{929A6B6E-FE1B-4473-BD5E-0DE9DEA4C43A}.Release|Any CPU.ActiveCfg = Release|Any CPU
		{929A6B6E-FE1B-4473-BD5E-0DE9DEA4C43A}.Release|Any CPU.Build.0 = Release|Any CPU
		{EB25D8D0-38DE-4BBA-94E4-3C30D4EE37C2}.Debug|Any CPU.ActiveCfg = Debug|Any CPU
		{EB25D8D0-38DE-4BBA-94E4-3C30D4EE37C2}.Debug|Any CPU.Build.0 = Debug|Any CPU
		{EB25D8D0-38DE-4BBA-94E4-3C30D4EE37C2}.Release|Any CPU.ActiveCfg = Release|Any CPU
		{EB25D8D0-38DE-4BBA-94E4-3C30D4EE37C2}.Release|Any CPU.Build.0 = Release|Any CPU
		{56377EAE-2B19-474B-8875-D4A4FB1A8625}.Debug|Any CPU.ActiveCfg = Debug|Any CPU
		{56377EAE-2B19-474B-8875-D4A4FB1A8625}.Debug|Any CPU.Build.0 = Debug|Any CPU
		{56377EAE-2B19-474B-8875-D4A4FB1A8625}.Release|Any CPU.ActiveCfg = Release|Any CPU
		{56377EAE-2B19-474B-8875-D4A4FB1A8625}.Release|Any CPU.Build.0 = Release|Any CPU
		{B0244059-50FC-4528-8DFC-28D98D59905C}.Debug|Any CPU.ActiveCfg = Debug|Any CPU
		{B0244059-50FC-4528-8DFC-28D98D59905C}.Debug|Any CPU.Build.0 = Debug|Any CPU
		{B0244059-50FC-4528-8DFC-28D98D59905C}.Release|Any CPU.ActiveCfg = Release|Any CPU
		{B0244059-50FC-4528-8DFC-28D98D59905C}.Release|Any CPU.Build.0 = Release|Any CPU
		{FCC8A742-1A24-4F6D-BB22-33F8F7F3B488}.Debug|Any CPU.ActiveCfg = Debug|Any CPU
		{FCC8A742-1A24-4F6D-BB22-33F8F7F3B488}.Debug|Any CPU.Build.0 = Debug|Any CPU
		{FCC8A742-1A24-4F6D-BB22-33F8F7F3B488}.Release|Any CPU.ActiveCfg = Release|Any CPU
		{FCC8A742-1A24-4F6D-BB22-33F8F7F3B488}.Release|Any CPU.Build.0 = Release|Any CPU
		{80BAC41F-7B02-4E6B-A4FB-1FBD19A64BBA}.Debug|Any CPU.ActiveCfg = Debug|Any CPU
		{80BAC41F-7B02-4E6B-A4FB-1FBD19A64BBA}.Debug|Any CPU.Build.0 = Debug|Any CPU
		{80BAC41F-7B02-4E6B-A4FB-1FBD19A64BBA}.Release|Any CPU.ActiveCfg = Release|Any CPU
		{80BAC41F-7B02-4E6B-A4FB-1FBD19A64BBA}.Release|Any CPU.Build.0 = Release|Any CPU
		{57F3B5D1-DFA9-4178-874C-1A2912DC42A9}.Debug|Any CPU.ActiveCfg = Debug|Any CPU
		{57F3B5D1-DFA9-4178-874C-1A2912DC42A9}.Debug|Any CPU.Build.0 = Debug|Any CPU
		{57F3B5D1-DFA9-4178-874C-1A2912DC42A9}.Release|Any CPU.ActiveCfg = Release|Any CPU
		{57F3B5D1-DFA9-4178-874C-1A2912DC42A9}.Release|Any CPU.Build.0 = Release|Any CPU
		{7BD1409F-3D9B-41C2-81CF-351C162B8E17}.Debug|Any CPU.ActiveCfg = Debug|Any CPU
		{7BD1409F-3D9B-41C2-81CF-351C162B8E17}.Debug|Any CPU.Build.0 = Debug|Any CPU
		{7BD1409F-3D9B-41C2-81CF-351C162B8E17}.Release|Any CPU.ActiveCfg = Release|Any CPU
		{7BD1409F-3D9B-41C2-81CF-351C162B8E17}.Release|Any CPU.Build.0 = Release|Any CPU
		{8216259D-20BA-413C-89DF-E54465948C1B}.Debug|Any CPU.ActiveCfg = Debug|Any CPU
		{8216259D-20BA-413C-89DF-E54465948C1B}.Debug|Any CPU.Build.0 = Debug|Any CPU
		{8216259D-20BA-413C-89DF-E54465948C1B}.Release|Any CPU.ActiveCfg = Release|Any CPU
		{8216259D-20BA-413C-89DF-E54465948C1B}.Release|Any CPU.Build.0 = Release|Any CPU
		{2103770D-A39A-4CC5-B238-5D73E11F2950}.Debug|Any CPU.ActiveCfg = Debug|Any CPU
		{2103770D-A39A-4CC5-B238-5D73E11F2950}.Debug|Any CPU.Build.0 = Debug|Any CPU
		{2103770D-A39A-4CC5-B238-5D73E11F2950}.Release|Any CPU.ActiveCfg = Release|Any CPU
		{2103770D-A39A-4CC5-B238-5D73E11F2950}.Release|Any CPU.Build.0 = Release|Any CPU
		{B9EDD461-3DD1-45EA-ADFA-D0AA27AE503C}.Debug|Any CPU.ActiveCfg = Debug|Any CPU
		{B9EDD461-3DD1-45EA-ADFA-D0AA27AE503C}.Debug|Any CPU.Build.0 = Debug|Any CPU
		{B9EDD461-3DD1-45EA-ADFA-D0AA27AE503C}.Release|Any CPU.ActiveCfg = Release|Any CPU
		{B9EDD461-3DD1-45EA-ADFA-D0AA27AE503C}.Release|Any CPU.Build.0 = Release|Any CPU
		{9815D99A-87D3-4739-9015-9A0538213944}.Debug|Any CPU.ActiveCfg = Debug|Any CPU
		{9815D99A-87D3-4739-9015-9A0538213944}.Debug|Any CPU.Build.0 = Debug|Any CPU
		{9815D99A-87D3-4739-9015-9A0538213944}.Release|Any CPU.ActiveCfg = Release|Any CPU
		{9815D99A-87D3-4739-9015-9A0538213944}.Release|Any CPU.Build.0 = Release|Any CPU
		{D59BDA10-7F09-4871-97B0-3F98298FBE4B}.Debug|Any CPU.ActiveCfg = Debug|Any CPU
		{D59BDA10-7F09-4871-97B0-3F98298FBE4B}.Debug|Any CPU.Build.0 = Debug|Any CPU
		{D59BDA10-7F09-4871-97B0-3F98298FBE4B}.Release|Any CPU.ActiveCfg = Release|Any CPU
		{D59BDA10-7F09-4871-97B0-3F98298FBE4B}.Release|Any CPU.Build.0 = Release|Any CPU
		{10908F47-8948-4345-9477-162786E90111}.Debug|Any CPU.ActiveCfg = Debug|Any CPU
		{10908F47-8948-4345-9477-162786E90111}.Debug|Any CPU.Build.0 = Debug|Any CPU
		{10908F47-8948-4345-9477-162786E90111}.Release|Any CPU.ActiveCfg = Release|Any CPU
		{10908F47-8948-4345-9477-162786E90111}.Release|Any CPU.Build.0 = Release|Any CPU
	EndGlobalSection
	GlobalSection(SolutionProperties) = preSolution
		HideSolutionNode = FALSE
	EndGlobalSection
	GlobalSection(ExtensibilityGlobals) = postSolution
		SolutionGuid = {207A4046-F164-4A94-B7D2-97E9108F978F}
	EndGlobalSection
EndGlobal
